
Microsoft Visual Studio Solution File, Format Version 12.00
# Visual Studio Version 17
VisualStudioVersion = 17.1.32421.90
MinimumVisualStudioVersion = 10.0.40219.1
Project("{9A19103F-16F7-4668-BE54-9A1E7A4F7556}") = "TodoList.DataAccessLayer", "TodoList.DataAccessLayer\TodoList.DataAccessLayer.csproj", "{AB8C7653-2C41-478B-A4B8-4BFDA44FD5BB}"
EndProject
Project("{9A19103F-16F7-4668-BE54-9A1E7A4F7556}") = "TodoList.Api", "TodoList.Api\TodoList.Api.csproj", "{1BCCE978-FF2D-43CE-9307-F01976A9CE84}"
EndProject
Project("{9A19103F-16F7-4668-BE54-9A1E7A4F7556}") = "TodoList.BusinessLayer", "TodoList.BusinessLayer\TodoList.BusinessLayer.csproj", "{E91974DB-3FA1-4106-A2E3-29973C0FAD5B}"
EndProject
Project("{2150E333-8FDC-42A3-9474-1A3956D46DE8}") = ".Tests", ".Tests", "{5B3C4F4C-D04F-4264-BCB8-4027E29E0C31}"
EndProject
Project("{9A19103F-16F7-4668-BE54-9A1E7A4F7556}") = "TodoList.BusinessLayer.Tests", "TodoList.BusinessLayer.Tests\TodoList.BusinessLayer.Tests.csproj", "{D8C736A9-105D-41A4-A742-34724EF901AC}"
EndProject
Global
	GlobalSection(SolutionConfigurationPlatforms) = preSolution
		Debug|Any CPU = Debug|Any CPU
		Release|Any CPU = Release|Any CPU
	EndGlobalSection
	GlobalSection(ProjectConfigurationPlatforms) = postSolution
		{AB8C7653-2C41-478B-A4B8-4BFDA44FD5BB}.Debug|Any CPU.ActiveCfg = Debug|Any CPU
		{AB8C7653-2C41-478B-A4B8-4BFDA44FD5BB}.Debug|Any CPU.Build.0 = Debug|Any CPU
		{AB8C7653-2C41-478B-A4B8-4BFDA44FD5BB}.Release|Any CPU.ActiveCfg = Release|Any CPU
		{AB8C7653-2C41-478B-A4B8-4BFDA44FD5BB}.Release|Any CPU.Build.0 = Release|Any CPU
		{1BCCE978-FF2D-43CE-9307-F01976A9CE84}.Debug|Any CPU.ActiveCfg = Debug|Any CPU
		{1BCCE978-FF2D-43CE-9307-F01976A9CE84}.Debug|Any CPU.Build.0 = Debug|Any CPU
		{1BCCE978-FF2D-43CE-9307-F01976A9CE84}.Release|Any CPU.ActiveCfg = Release|Any CPU
		{1BCCE978-FF2D-43CE-9307-F01976A9CE84}.Release|Any CPU.Build.0 = Release|Any CPU
		{E91974DB-3FA1-4106-A2E3-29973C0FAD5B}.Debug|Any CPU.ActiveCfg = Debug|Any CPU
		{E91974DB-3FA1-4106-A2E3-29973C0FAD5B}.Debug|Any CPU.Build.0 = Debug|Any CPU
		{E91974DB-3FA1-4106-A2E3-29973C0FAD5B}.Release|Any CPU.ActiveCfg = Release|Any CPU
		{E91974DB-3FA1-4106-A2E3-29973C0FAD5B}.Release|Any CPU.Build.0 = Release|Any CPU
		{D8C736A9-105D-41A4-A742-34724EF901AC}.Debug|Any CPU.ActiveCfg = Debug|Any CPU
		{D8C736A9-105D-41A4-A742-34724EF901AC}.Debug|Any CPU.Build.0 = Debug|Any CPU
		{D8C736A9-105D-41A4-A742-34724EF901AC}.Release|Any CPU.ActiveCfg = Release|Any CPU
		{D8C736A9-105D-41A4-A742-34724EF901AC}.Release|Any CPU.Build.0 = Release|Any CPU
	EndGlobalSection
	GlobalSection(SolutionProperties) = preSolution
		HideSolutionNode = FALSE
	EndGlobalSection
	GlobalSection(NestedProjects) = preSolution
		{D8C736A9-105D-41A4-A742-34724EF901AC} = {5B3C4F4C-D04F-4264-BCB8-4027E29E0C31}
	EndGlobalSection
	GlobalSection(ExtensibilityGlobals) = postSolution
		SolutionGuid = {CA3407F4-7F3A-47A3-81C5-0B8C9574680B}
	EndGlobalSection
EndGlobal
